
Microsoft Visual Studio Solution File, Format Version 12.00
# Visual Studio 15
VisualStudioVersion = 15.0.27428.2015
MinimumVisualStudioVersion = 10.0.40219.1
Project("{8BC9CEB8-8B4A-11D0-8D11-00A0C91BC942}") = "SMMG3D", "SMMG3D\SMMG3D.vcxproj", "{3E1D3E91-3D14-4D54-9F5F-9E39552AF3B0}"
EndProject
Project("{8BC9CEB8-8B4A-11D0-8D11-00A0C91BC942}") = "Engine3D", "Engine3D\Engine3D.vcxproj", "{DB29B095-5AE6-4EEA-9793-356559744621}"
EndProject
Project("{8BC9CEB8-8B4A-11D0-8D11-00A0C91BC942}") = "Lab1 - Hello New OpenGL", "Lab1\Hello New OpenGL\Lab1 - Hello New OpenGL.vcxproj", "{A517620B-F8BA-41B1-A0CC-90F304622ED4}"
EndProject
Project("{8BC9CEB8-8B4A-11D0-8D11-00A0C91BC942}") = "Lab1 - Hello Old OpenGL", "Lab1\Hello Old OpenGL\Lab1 - Hello Old OpenGL.vcxproj", "{72E3B13C-A829-46FE-96AD-C7B99C2EF218}"
EndProject
Project("{8BC9CEB8-8B4A-11D0-8D11-00A0C91BC942}") = "Lab2 - Hello GLFW", "Lab2\Lab2 - Hello GLFW\Lab2 - Hello GLFW.vcxproj", "{73515328-31DB-4526-ACBF-0ACB447A65E8}"
EndProject
Project("{8BC9CEB8-8B4A-11D0-8D11-00A0C91BC942}") = "Lab2 Hello DirectX 9", "Lab2\Lab2 Hello DirectX 9\Lab2 Hello DirectX 9.vcxproj", "{7BFA5677-B503-4B81-A740-934CF508DE67}"
EndProject
Project("{8BC9CEB8-8B4A-11D0-8D11-00A0C91BC942}") = "Lab2 Hello DirectX 11", "Lab2\Lab2 Hello DirectX 11\Lab2 Hello DirectX 11.vcxproj", "{2D44FD68-85FB-42DB-A454-8337929EA2AC}"
EndProject
Project("{8BC9CEB8-8B4A-11D0-8D11-00A0C91BC942}") = "Lab3 - Uniform Variables", "Lab3\Lab3 - Uniform Variables\Lab3 - Uniform Variables.vcxproj", "{951C197A-4651-49E2-86D0-B086196B407A}"
	ProjectSection(ProjectDependencies) = postProject
		{DB29B095-5AE6-4EEA-9793-356559744621} = {DB29B095-5AE6-4EEA-9793-356559744621}
	EndProjectSection
EndProject
Project("{8BC9CEB8-8B4A-11D0-8D11-00A0C91BC942}") = "Lab4 - Index buffer", "Lab4 - Index buffer\Lab4 - Index buffer.vcxproj", "{A328E3B2-D7EF-469A-B784-8AD629BE7878}"
	ProjectSection(ProjectDependencies) = postProject
		{DB29B095-5AE6-4EEA-9793-356559744621} = {DB29B095-5AE6-4EEA-9793-356559744621}
	EndProjectSection
EndProject
Project("{8BC9CEB8-8B4A-11D0-8D11-00A0C91BC942}") = "Lab3 UniformVariables Test", "Lab3 UniformVariables Test\Lab3 UniformVariables Test.vcxproj", "{4C3A57B5-652F-4D32-8168-436FB3A41B90}"
EndProject
Project("{8BC9CEB8-8B4A-11D0-8D11-00A0C91BC942}") = "Lab5 - Load Mesh", "Lab5 - Load Mesh\Lab5 - Load Mesh.vcxproj", "{67B7224F-F20A-4953-8C66-8E320EF3B735}"
	ProjectSection(ProjectDependencies) = postProject
		{DB29B095-5AE6-4EEA-9793-356559744621} = {DB29B095-5AE6-4EEA-9793-356559744621}
	EndProjectSection
EndProject
Project("{8BC9CEB8-8B4A-11D0-8D11-00A0C91BC942}") = "Lab 4 - Proiectii si indexare", "Lab 4 - Proiectii si indexare\Lab 4 - Proiectii si indexare.vcxproj", "{907A1E73-CD46-4CD1-A558-831132BA2FC9}"
EndProject
Global
	GlobalSection(SolutionConfigurationPlatforms) = preSolution
		Debug|x64 = Debug|x64
		Debug|x86 = Debug|x86
		Release|x64 = Release|x64
		Release|x86 = Release|x86
	EndGlobalSection
	GlobalSection(ProjectConfigurationPlatforms) = postSolution
		{3E1D3E91-3D14-4D54-9F5F-9E39552AF3B0}.Debug|x64.ActiveCfg = Debug|x64
		{3E1D3E91-3D14-4D54-9F5F-9E39552AF3B0}.Debug|x64.Build.0 = Debug|x64
		{3E1D3E91-3D14-4D54-9F5F-9E39552AF3B0}.Debug|x86.ActiveCfg = Debug|Win32
		{3E1D3E91-3D14-4D54-9F5F-9E39552AF3B0}.Debug|x86.Build.0 = Debug|Win32
		{3E1D3E91-3D14-4D54-9F5F-9E39552AF3B0}.Release|x64.ActiveCfg = Release|x64
		{3E1D3E91-3D14-4D54-9F5F-9E39552AF3B0}.Release|x64.Build.0 = Release|x64
		{3E1D3E91-3D14-4D54-9F5F-9E39552AF3B0}.Release|x86.ActiveCfg = Release|Win32
		{3E1D3E91-3D14-4D54-9F5F-9E39552AF3B0}.Release|x86.Build.0 = Release|Win32
		{DB29B095-5AE6-4EEA-9793-356559744621}.Debug|x64.ActiveCfg = Debug|x64
		{DB29B095-5AE6-4EEA-9793-356559744621}.Debug|x64.Build.0 = Debug|x64
		{DB29B095-5AE6-4EEA-9793-356559744621}.Debug|x86.ActiveCfg = Debug|Win32
		{DB29B095-5AE6-4EEA-9793-356559744621}.Debug|x86.Build.0 = Debug|Win32
		{DB29B095-5AE6-4EEA-9793-356559744621}.Release|x64.ActiveCfg = Release|x64
		{DB29B095-5AE6-4EEA-9793-356559744621}.Release|x64.Build.0 = Release|x64
		{DB29B095-5AE6-4EEA-9793-356559744621}.Release|x86.ActiveCfg = Release|Win32
		{DB29B095-5AE6-4EEA-9793-356559744621}.Release|x86.Build.0 = Release|Win32
		{A517620B-F8BA-41B1-A0CC-90F304622ED4}.Debug|x64.ActiveCfg = Debug|x64
		{A517620B-F8BA-41B1-A0CC-90F304622ED4}.Debug|x64.Build.0 = Debug|x64
		{A517620B-F8BA-41B1-A0CC-90F304622ED4}.Debug|x86.ActiveCfg = Debug|Win32
		{A517620B-F8BA-41B1-A0CC-90F304622ED4}.Debug|x86.Build.0 = Debug|Win32
		{A517620B-F8BA-41B1-A0CC-90F304622ED4}.Release|x64.ActiveCfg = Release|x64
		{A517620B-F8BA-41B1-A0CC-90F304622ED4}.Release|x64.Build.0 = Release|x64
		{A517620B-F8BA-41B1-A0CC-90F304622ED4}.Release|x86.ActiveCfg = Release|Win32
		{A517620B-F8BA-41B1-A0CC-90F304622ED4}.Release|x86.Build.0 = Release|Win32
		{72E3B13C-A829-46FE-96AD-C7B99C2EF218}.Debug|x64.ActiveCfg = Debug|x64
		{72E3B13C-A829-46FE-96AD-C7B99C2EF218}.Debug|x64.Build.0 = Debug|x64
		{72E3B13C-A829-46FE-96AD-C7B99C2EF218}.Debug|x86.ActiveCfg = Debug|Win32
		{72E3B13C-A829-46FE-96AD-C7B99C2EF218}.Debug|x86.Build.0 = Debug|Win32
		{72E3B13C-A829-46FE-96AD-C7B99C2EF218}.Release|x64.ActiveCfg = Release|x64
		{72E3B13C-A829-46FE-96AD-C7B99C2EF218}.Release|x64.Build.0 = Release|x64
		{72E3B13C-A829-46FE-96AD-C7B99C2EF218}.Release|x86.ActiveCfg = Release|Win32
		{72E3B13C-A829-46FE-96AD-C7B99C2EF218}.Release|x86.Build.0 = Release|Win32
		{73515328-31DB-4526-ACBF-0ACB447A65E8}.Debug|x64.ActiveCfg = Debug|x64
		{73515328-31DB-4526-ACBF-0ACB447A65E8}.Debug|x64.Build.0 = Debug|x64
		{73515328-31DB-4526-ACBF-0ACB447A65E8}.Debug|x86.ActiveCfg = Debug|Win32
		{73515328-31DB-4526-ACBF-0ACB447A65E8}.Debug|x86.Build.0 = Debug|Win32
		{73515328-31DB-4526-ACBF-0ACB447A65E8}.Release|x64.ActiveCfg = Release|x64
		{73515328-31DB-4526-ACBF-0ACB447A65E8}.Release|x64.Build.0 = Release|x64
		{73515328-31DB-4526-ACBF-0ACB447A65E8}.Release|x86.ActiveCfg = Release|Win32
		{73515328-31DB-4526-ACBF-0ACB447A65E8}.Release|x86.Build.0 = Release|Win32
		{7BFA5677-B503-4B81-A740-934CF508DE67}.Debug|x64.ActiveCfg = Debug|x64
		{7BFA5677-B503-4B81-A740-934CF508DE67}.Debug|x64.Build.0 = Debug|x64
		{7BFA5677-B503-4B81-A740-934CF508DE67}.Debug|x86.ActiveCfg = Debug|Win32
		{7BFA5677-B503-4B81-A740-934CF508DE67}.Debug|x86.Build.0 = Debug|Win32
		{7BFA5677-B503-4B81-A740-934CF508DE67}.Release|x64.ActiveCfg = Release|x64
		{7BFA5677-B503-4B81-A740-934CF508DE67}.Release|x64.Build.0 = Release|x64
		{7BFA5677-B503-4B81-A740-934CF508DE67}.Release|x86.ActiveCfg = Release|Win32
		{7BFA5677-B503-4B81-A740-934CF508DE67}.Release|x86.Build.0 = Release|Win32
		{2D44FD68-85FB-42DB-A454-8337929EA2AC}.Debug|x64.ActiveCfg = Debug|x64
		{2D44FD68-85FB-42DB-A454-8337929EA2AC}.Debug|x64.Build.0 = Debug|x64
		{2D44FD68-85FB-42DB-A454-8337929EA2AC}.Debug|x86.ActiveCfg = Debug|Win32
		{2D44FD68-85FB-42DB-A454-8337929EA2AC}.Debug|x86.Build.0 = Debug|Win32
		{2D44FD68-85FB-42DB-A454-8337929EA2AC}.Release|x64.ActiveCfg = Release|x64
		{2D44FD68-85FB-42DB-A454-8337929EA2AC}.Release|x64.Build.0 = Release|x64
		{2D44FD68-85FB-42DB-A454-8337929EA2AC}.Release|x86.ActiveCfg = Release|Win32
		{2D44FD68-85FB-42DB-A454-8337929EA2AC}.Release|x86.Build.0 = Release|Win32
		{951C197A-4651-49E2-86D0-B086196B407A}.Debug|x64.ActiveCfg = Debug|x64
		{951C197A-4651-49E2-86D0-B086196B407A}.Debug|x64.Build.0 = Debug|x64
		{951C197A-4651-49E2-86D0-B086196B407A}.Debug|x86.ActiveCfg = Debug|Win32
		{951C197A-4651-49E2-86D0-B086196B407A}.Debug|x86.Build.0 = Debug|Win32
		{951C197A-4651-49E2-86D0-B086196B407A}.Release|x64.ActiveCfg = Release|x64
		{951C197A-4651-49E2-86D0-B086196B407A}.Release|x64.Build.0 = Release|x64
		{951C197A-4651-49E2-86D0-B086196B407A}.Release|x86.ActiveCfg = Release|Win32
		{951C197A-4651-49E2-86D0-B086196B407A}.Release|x86.Build.0 = Release|Win32
		{A328E3B2-D7EF-469A-B784-8AD629BE7878}.Debug|x64.ActiveCfg = Debug|x64
		{A328E3B2-D7EF-469A-B784-8AD629BE7878}.Debug|x64.Build.0 = Debug|x64
		{A328E3B2-D7EF-469A-B784-8AD629BE7878}.Debug|x86.ActiveCfg = Debug|Win32
		{A328E3B2-D7EF-469A-B784-8AD629BE7878}.Debug|x86.Build.0 = Debug|Win32
		{A328E3B2-D7EF-469A-B784-8AD629BE7878}.Release|x64.ActiveCfg = Release|x64
		{A328E3B2-D7EF-469A-B784-8AD629BE7878}.Release|x64.Build.0 = Release|x64
		{A328E3B2-D7EF-469A-B784-8AD629BE7878}.Release|x86.ActiveCfg = Release|Win32
		{A328E3B2-D7EF-469A-B784-8AD629BE7878}.Release|x86.Build.0 = Release|Win32
		{4C3A57B5-652F-4D32-8168-436FB3A41B90}.Debug|x64.ActiveCfg = Debug|x64
		{4C3A57B5-652F-4D32-8168-436FB3A41B90}.Debug|x64.Build.0 = Debug|x64
		{4C3A57B5-652F-4D32-8168-436FB3A41B90}.Debug|x86.ActiveCfg = Debug|Win32
		{4C3A57B5-652F-4D32-8168-436FB3A41B90}.Debug|x86.Build.0 = Debug|Win32
		{4C3A57B5-652F-4D32-8168-436FB3A41B90}.Release|x64.ActiveCfg = Release|x64
		{4C3A57B5-652F-4D32-8168-436FB3A41B90}.Release|x64.Build.0 = Release|x64
		{4C3A57B5-652F-4D32-8168-436FB3A41B90}.Release|x86.ActiveCfg = Release|Win32
		{4C3A57B5-652F-4D32-8168-436FB3A41B90}.Release|x86.Build.0 = Release|Win32
		{67B7224F-F20A-4953-8C66-8E320EF3B735}.Debug|x64.ActiveCfg = Debug|x64
		{67B7224F-F20A-4953-8C66-8E320EF3B735}.Debug|x64.Build.0 = Debug|x64
		{67B7224F-F20A-4953-8C66-8E320EF3B735}.Debug|x86.ActiveCfg = Debug|Win32
		{67B7224F-F20A-4953-8C66-8E320EF3B735}.Debug|x86.Build.0 = Debug|Win32
		{67B7224F-F20A-4953-8C66-8E320EF3B735}.Release|x64.ActiveCfg = Release|x64
		{67B7224F-F20A-4953-8C66-8E320EF3B735}.Release|x64.Build.0 = Release|x64
		{67B7224F-F20A-4953-8C66-8E320EF3B735}.Release|x86.ActiveCfg = Release|Win32
		{67B7224F-F20A-4953-8C66-8E320EF3B735}.Release|x86.Build.0 = Release|Win32
		{907A1E73-CD46-4CD1-A558-831132BA2FC9}.Debug|x64.ActiveCfg = Debug|x64
		{907A1E73-CD46-4CD1-A558-831132BA2FC9}.Debug|x64.Build.0 = Debug|x64
		{907A1E73-CD46-4CD1-A558-831132BA2FC9}.Debug|x86.ActiveCfg = Debug|Win32
		{907A1E73-CD46-4CD1-A558-831132BA2FC9}.Debug|x86.Build.0 = Debug|Win32
		{907A1E73-CD46-4CD1-A558-831132BA2FC9}.Release|x64.ActiveCfg = Release|x64
		{907A1E73-CD46-4CD1-A558-831132BA2FC9}.Release|x64.Build.0 = Release|x64
		{907A1E73-CD46-4CD1-A558-831132BA2FC9}.Release|x86.ActiveCfg = Release|Win32
		{907A1E73-CD46-4CD1-A558-831132BA2FC9}.Release|x86.Build.0 = Release|Win32
	EndGlobalSection
	GlobalSection(SolutionProperties) = preSolution
		HideSolutionNode = FALSE
	EndGlobalSection
	GlobalSection(ExtensibilityGlobals) = postSolution
		SolutionGuid = {75F05C27-9BB0-4F45-B2E3-4931CFF1DF53}
	EndGlobalSection
EndGlobal
